
Microsoft Visual Studio Solution File, Format Version 12.00
# Visual Studio Version 16
VisualStudioVersion = 16.0.31321.278
MinimumVisualStudioVersion = 10.0.40219.1
Project("{FAE04EC0-301F-11D3-BF4B-00C04F79EFBC}") = "Sidescroller", "Sidescroller.csproj", "{34C406CB-29A9-42AF-B23C-D1398B0233A6}"
EndProject
Global
	GlobalSection(SolutionConfigurationPlatforms) = preSolution
		Debug|Any CPU = Debug|Any CPU
		Release|Any CPU = Release|Any CPU
	EndGlobalSection
	GlobalSection(ProjectConfigurationPlatforms) = postSolution
		{34C406CB-29A9-42AF-B23C-D1398B0233A6}.Debug|Any CPU.ActiveCfg = Debug|Any CPU
		{34C406CB-29A9-42AF-B23C-D1398B0233A6}.Debug|Any CPU.Build.0 = Debug|Any CPU
		{34C406CB-29A9-42AF-B23C-D1398B0233A6}.Release|Any CPU.ActiveCfg = Release|Any CPU
		{34C406CB-29A9-42AF-B23C-D1398B0233A6}.Release|Any CPU.Build.0 = Release|Any CPU
	EndGlobalSection
	GlobalSection(SolutionProperties) = preSolution
		HideSolutionNode = FALSE
	EndGlobalSection
	GlobalSection(ExtensibilityGlobals) = postSolution
		SolutionGuid = {8AE85F1C-9C20-4094-83FF-E54EC63E7B36}
	EndGlobalSection
EndGlobal
